[{<<"cowboy">>,
  {git,"https://github.com/ninenines/cowboy.git",
       {ref,"79e3fb02b31d47af6e69e8f3ba18fba291a3072a"}},
  0},
 {<<"cowlib">>,
  {git,"https://github.com/ninenines/cowlib",
       {ref,"c768a804565ff5b8178ed968a5921e469d6bd7b2"}},
  1},
 {<<"ranch">>,
  {git,"https://github.com/ninenines/ranch",
       {ref,"10b51304b26062e0dbfd5e74824324e9a911e269"}},
  1}].
